
Microsoft Visual Studio Solution File, Format Version 12.00
# Visual Studio 2013
VisualStudioVersion = 12.0.30723.0
MinimumVisualStudioVersion = 10.0.40219.1
Project("{8BC9CEB8-8B4A-11D0-8D11-00A0C91BC942}") = "Ej2-3", "Ej2-3\Ej2-3.vcxproj", "{CEE5AFF1-4F29-44F8-A349-4A6CA28F3948}"
EndProject
Global
	GlobalSection(SolutionConfigurationPlatforms) = preSolution
		Debug|Win32 = Debug|Win32
		Release|Win32 = Release|Win32
	EndGlobalSection
	GlobalSection(ProjectConfigurationPlatforms) = postSolution
		{CEE5AFF1-4F29-44F8-A349-4A6CA28F3948}.Debug|Win32.ActiveCfg = Debug|Win32
		{CEE5AFF1-4F29-44F8-A349-4A6CA28F3948}.Debug|Win32.Build.0 = Debug|Win32
		{CEE5AFF1-4F29-44F8-A349-4A6CA28F3948}.Release|Win32.ActiveCfg = Release|Win32
		{CEE5AFF1-4F29-44F8-A349-4A6CA28F3948}.Release|Win32.Build.0 = Release|Win32
	EndGlobalSection
	GlobalSection(SolutionProperties) = preSolution
		HideSolutionNode = FALSE
	EndGlobalSection
EndGlobal
